
Microsoft Visual Studio Solution File, Format Version 12.00
# Visual Studio Version 16
VisualStudioVersion = 16.0.808.8
MinimumVisualStudioVersion = 10.0.40219.1
Project("{FAE04EC0-301F-11D3-BF4B-00C04F79EFBC}") = "sales-system-2", "sales-system-2\sales-system-2.csproj", "{181EEF5A-FD99-4758-9ED8-836B5D48518C}"
EndProject
Global
	GlobalSection(SolutionConfigurationPlatforms) = preSolution
		Debug|Any CPU = Debug|Any CPU
		Release|Any CPU = Release|Any CPU
	EndGlobalSection
	GlobalSection(ProjectConfigurationPlatforms) = postSolution
		{181EEF5A-FD99-4758-9ED8-836B5D48518C}.Debug|Any CPU.ActiveCfg = Debug|Any CPU
		{181EEF5A-FD99-4758-9ED8-836B5D48518C}.Debug|Any CPU.Build.0 = Debug|Any CPU
		{181EEF5A-FD99-4758-9ED8-836B5D48518C}.Release|Any CPU.ActiveCfg = Release|Any CPU
		{181EEF5A-FD99-4758-9ED8-836B5D48518C}.Release|Any CPU.Build.0 = Release|Any CPU
	EndGlobalSection
	GlobalSection(SolutionProperties) = preSolution
		HideSolutionNode = FALSE
	EndGlobalSection
	GlobalSection(ExtensibilityGlobals) = postSolution
		SolutionGuid = {7B4D30E4-CCE5-4911-88E9-C9485D305E32}
	EndGlobalSection
EndGlobal
